
Microsoft Visual Studio Solution File, Format Version 12.00
# Visual Studio 15
Project("{FAE04EC0-301F-11D3-BF4B-00C04F79EFBC}") = "StackBundle", "StackBundle\StackBundle.csproj", "{30B69104-0EAD-4F9A-87A6-54CD9137D34A}"
EndProject
Global
	GlobalSection(SolutionConfigurationPlatforms) = preSolution
		Debug|x86 = Debug|x86
		Release|x86 = Release|x86
	EndGlobalSection
	GlobalSection(ProjectConfigurationPlatforms) = postSolution
		{30B69104-0EAD-4F9A-87A6-54CD9137D34A}.Debug|x86.ActiveCfg = Debug|x86
		{30B69104-0EAD-4F9A-87A6-54CD9137D34A}.Debug|x86.Build.0 = Debug|x86
		{30B69104-0EAD-4F9A-87A6-54CD9137D34A}.Release|x86.ActiveCfg = Release|x86
		{30B69104-0EAD-4F9A-87A6-54CD9137D34A}.Release|x86.Build.0 = Release|x86
	EndGlobalSection
EndGlobal
